
Microsoft Visual Studio Solution File, Format Version 12.00
# Visual Studio Version 16
VisualStudioVersion = 16.0.30804.86
MinimumVisualStudioVersion = 10.0.40219.1
Project("{FAE04EC0-301F-11D3-BF4B-00C04F79EFBC}") = "DelegateEvent Calculator", "DelegateEvent Calculator\DelegateEvent Calculator.csproj", "{26ECDCF4-5C3A-4BAD-B236-95708814C0C1}"
EndProject
Global
	GlobalSection(SolutionConfigurationPlatforms) = preSolution
		Debug|Any CPU = Debug|Any CPU
		Release|Any CPU = Release|Any CPU
	EndGlobalSection
	GlobalSection(ProjectConfigurationPlatforms) = postSolution
		{26ECDCF4-5C3A-4BAD-B236-95708814C0C1}.Debug|Any CPU.ActiveCfg = Debug|Any CPU
		{26ECDCF4-5C3A-4BAD-B236-95708814C0C1}.Debug|Any CPU.Build.0 = Debug|Any CPU
		{26ECDCF4-5C3A-4BAD-B236-95708814C0C1}.Release|Any CPU.ActiveCfg = Release|Any CPU
		{26ECDCF4-5C3A-4BAD-B236-95708814C0C1}.Release|Any CPU.Build.0 = Release|Any CPU
	EndGlobalSection
	GlobalSection(SolutionProperties) = preSolution
		HideSolutionNode = FALSE
	EndGlobalSection
	GlobalSection(ExtensibilityGlobals) = postSolution
		SolutionGuid = {50186F0A-0D5F-45D6-A97C-86B9088B00DE}
	EndGlobalSection
EndGlobal
